
Microsoft Visual Studio Solution File, Format Version 12.00
# Visual Studio Version 17
VisualStudioVersion = 17.0.32014.148
MinimumVisualStudioVersion = 10.0.40219.1
Project("{2150E333-8FDC-42A3-9474-1A3956D46DE8}") = "Solution Items", "Solution Items", "{5A7782BA-4FCA-4543-BAC9-82C90595523A}"
	ProjectSection(SolutionItems) = preProject
		README.md = README.md
	EndProjectSection
EndProject
Project("{9A19103F-16F7-4668-BE54-9A1E7A4F7556}") = "Azure.EntityServices.Tests", "Azure.EntityServices.Tests\Azure.EntityServices.Tests.csproj", "{F529F568-9D6F-401E-9F5E-2392C7EF65CD}"
EndProject
Project("{9A19103F-16F7-4668-BE54-9A1E7A4F7556}") = "Azure.EntityServices.Samples", "Azure.EntityServices.Samples\Azure.EntityServices.Samples.csproj", "{B324D01D-E6AC-4CA2-9566-794C8E9CA1C7}"
EndProject
Project("{9A19103F-16F7-4668-BE54-9A1E7A4F7556}") = "Azure.EntityServices.Tables", "Azure.EntityServices.Tables\Azure.EntityServices.Tables.csproj", "{32A4F986-5049-4A87-81A4-7DA7A68E2A8D}"
EndProject
Project("{9A19103F-16F7-4668-BE54-9A1E7A4F7556}") = "Azure.EntityServices.Queries", "Azure.EntityServices.Queries\Azure.EntityServices.Queries.csproj", "{713D44EB-63CD-4B78-8F8A-DAEAA55F377E}"
EndProject
Project("{9A19103F-16F7-4668-BE54-9A1E7A4F7556}") = "Azure.EntityServices.Blobs", "Azure.EntityServices.Blobs\Azure.EntityServices.Blobs.csproj", "{4019B11A-8481-4BE3-8B61-01F9FD0AEC5E}"
EndProject
Global
	GlobalSection(SolutionConfigurationPlatforms) = preSolution
		Debug|Any CPU = Debug|Any CPU
		Release|Any CPU = Release|Any CPU
	EndGlobalSection
	GlobalSection(ProjectConfigurationPlatforms) = postSolution
		{F529F568-9D6F-401E-9F5E-2392C7EF65CD}.Debug|Any CPU.ActiveCfg = Debug|Any CPU
		{F529F568-9D6F-401E-9F5E-2392C7EF65CD}.Debug|Any CPU.Build.0 = Debug|Any CPU
		{F529F568-9D6F-401E-9F5E-2392C7EF65CD}.Release|Any CPU.ActiveCfg = Release|Any CPU
		{F529F568-9D6F-401E-9F5E-2392C7EF65CD}.Release|Any CPU.Build.0 = Release|Any CPU
		{B324D01D-E6AC-4CA2-9566-794C8E9CA1C7}.Debug|Any CPU.ActiveCfg = Debug|Any CPU
		{B324D01D-E6AC-4CA2-9566-794C8E9CA1C7}.Debug|Any CPU.Build.0 = Debug|Any CPU
		{B324D01D-E6AC-4CA2-9566-794C8E9CA1C7}.Release|Any CPU.ActiveCfg = Release|Any CPU
		{B324D01D-E6AC-4CA2-9566-794C8E9CA1C7}.Release|Any CPU.Build.0 = Release|Any CPU
		{32A4F986-5049-4A87-81A4-7DA7A68E2A8D}.Debug|Any CPU.ActiveCfg = Debug|Any CPU
		{32A4F986-5049-4A87-81A4-7DA7A68E2A8D}.Debug|Any CPU.Build.0 = Debug|Any CPU
		{32A4F986-5049-4A87-81A4-7DA7A68E2A8D}.Release|Any CPU.ActiveCfg = Release|Any CPU
		{32A4F986-5049-4A87-81A4-7DA7A68E2A8D}.Release|Any CPU.Build.0 = Release|Any CPU
		{713D44EB-63CD-4B78-8F8A-DAEAA55F377E}.Debug|Any CPU.ActiveCfg = Debug|Any CPU
		{713D44EB-63CD-4B78-8F8A-DAEAA55F377E}.Debug|Any CPU.Build.0 = Debug|Any CPU
		{713D44EB-63CD-4B78-8F8A-DAEAA55F377E}.Release|Any CPU.ActiveCfg = Release|Any CPU
		{713D44EB-63CD-4B78-8F8A-DAEAA55F377E}.Release|Any CPU.Build.0 = Release|Any CPU
		{4019B11A-8481-4BE3-8B61-01F9FD0AEC5E}.Debug|Any CPU.ActiveCfg = Debug|Any CPU
		{4019B11A-8481-4BE3-8B61-01F9FD0AEC5E}.Debug|Any CPU.Build.0 = Debug|Any CPU
		{4019B11A-8481-4BE3-8B61-01F9FD0AEC5E}.Release|Any CPU.ActiveCfg = Release|Any CPU
		{4019B11A-8481-4BE3-8B61-01F9FD0AEC5E}.Release|Any CPU.Build.0 = Release|Any CPU
	EndGlobalSection
	GlobalSection(SolutionProperties) = preSolution
		HideSolutionNode = FALSE
	EndGlobalSection
	GlobalSection(ExtensibilityGlobals) = postSolution
		SolutionGuid = {92B5DB88-8C8E-4300-8891-C52633DDF5D9}
	EndGlobalSection
EndGlobal
